
Microsoft Visual Studio Solution File, Format Version 12.00
# Visual Studio 15
VisualStudioVersion = 15.0.28307.106
MinimumVisualStudioVersion = 10.0.40219.1
Project("{FAE04EC0-301F-11D3-BF4B-00C04F79EFBC}") = "TemplateApp", "TemplateApp\TemplateApp.csproj", "{16602BB6-679C-4E5D-81E3-3682585C6BD4}"
EndProject
Global
	GlobalSection(SolutionConfigurationPlatforms) = preSolution
		Debug|Any CPU = Debug|Any CPU
		Release|Any CPU = Release|Any CPU
	EndGlobalSection
	GlobalSection(ProjectConfigurationPlatforms) = postSolution
		{16602BB6-679C-4E5D-81E3-3682585C6BD4}.Debug|Any CPU.ActiveCfg = Debug|Any CPU
		{16602BB6-679C-4E5D-81E3-3682585C6BD4}.Debug|Any CPU.Build.0 = Debug|Any CPU
		{16602BB6-679C-4E5D-81E3-3682585C6BD4}.Release|Any CPU.ActiveCfg = Release|Any CPU
		{16602BB6-679C-4E5D-81E3-3682585C6BD4}.Release|Any CPU.Build.0 = Release|Any CPU
	EndGlobalSection
	GlobalSection(SolutionProperties) = preSolution
		HideSolutionNode = FALSE
	EndGlobalSection
	GlobalSection(ExtensibilityGlobals) = postSolution
		SolutionGuid = {BAD4107F-17C0-4498-930C-8C1A9737DE10}
	EndGlobalSection
EndGlobal
